
Microsoft Visual Studio Solution File, Format Version 12.00
# Visual Studio 15
VisualStudioVersion = 15.0.28307.438
MinimumVisualStudioVersion = 10.0.40219.1
Project("{8BC9CEB8-8B4A-11D0-8D11-00A0C91BC942}") = "vs_setup", "vs_setup\vs_setup.vcxproj", "{B098DACD-6298-4CA1-A188-A47660F12E84}"
EndProject
Global
	GlobalSection(SolutionConfigurationPlatforms) = preSolution
		Debug|x64 = Debug|x64
		Debug|x86 = Debug|x86
		Release|x64 = Release|x64
		Release|x86 = Release|x86
	EndGlobalSection
	GlobalSection(ProjectConfigurationPlatforms) = postSolution
		{B098DACD-6298-4CA1-A188-A47660F12E84}.Debug|x64.ActiveCfg = Debug|x64
		{B098DACD-6298-4CA1-A188-A47660F12E84}.Debug|x64.Build.0 = Debug|x64
		{B098DACD-6298-4CA1-A188-A47660F12E84}.Debug|x86.ActiveCfg = Debug|Win32
		{B098DACD-6298-4CA1-A188-A47660F12E84}.Debug|x86.Build.0 = Debug|Win32
		{B098DACD-6298-4CA1-A188-A47660F12E84}.Release|x64.ActiveCfg = Release|x64
		{B098DACD-6298-4CA1-A188-A47660F12E84}.Release|x64.Build.0 = Release|x64
		{B098DACD-6298-4CA1-A188-A47660F12E84}.Release|x86.ActiveCfg = Release|Win32
		{B098DACD-6298-4CA1-A188-A47660F12E84}.Release|x86.Build.0 = Release|Win32
	EndGlobalSection
	GlobalSection(SolutionProperties) = preSolution
		HideSolutionNode = FALSE
	EndGlobalSection
	GlobalSection(ExtensibilityGlobals) = postSolution
		SolutionGuid = {FAA2E917-954B-4384-B25C-6CA089D7FD14}
	EndGlobalSection
EndGlobal
