
Microsoft Visual Studio Solution File, Format Version 12.00
# Visual Studio 15
VisualStudioVersion = 15.0.28307.421
MinimumVisualStudioVersion = 10.0.40219.1
Project("{8BC9CEB8-8B4A-11D0-8D11-00A0C91BC942}") = "sum_reduction_bank_conflicts", "sum_reduction_bank_conflicts\sum_reduction_bank_conflicts.vcxproj", "{3C98CBC8-2E74-422B-9F7D-DB50101128B6}"
EndProject
Global
	GlobalSection(SolutionConfigurationPlatforms) = preSolution
		Debug|x64 = Debug|x64
		Debug|x86 = Debug|x86
		Release|x64 = Release|x64
		Release|x86 = Release|x86
	EndGlobalSection
	GlobalSection(ProjectConfigurationPlatforms) = postSolution
		{3C98CBC8-2E74-422B-9F7D-DB50101128B6}.Debug|x64.ActiveCfg = Debug|x64
		{3C98CBC8-2E74-422B-9F7D-DB50101128B6}.Debug|x64.Build.0 = Debug|x64
		{3C98CBC8-2E74-422B-9F7D-DB50101128B6}.Debug|x86.ActiveCfg = Debug|Win32
		{3C98CBC8-2E74-422B-9F7D-DB50101128B6}.Debug|x86.Build.0 = Debug|Win32
		{3C98CBC8-2E74-422B-9F7D-DB50101128B6}.Release|x64.ActiveCfg = Release|x64
		{3C98CBC8-2E74-422B-9F7D-DB50101128B6}.Release|x64.Build.0 = Release|x64
		{3C98CBC8-2E74-422B-9F7D-DB50101128B6}.Release|x86.ActiveCfg = Release|Win32
		{3C98CBC8-2E74-422B-9F7D-DB50101128B6}.Release|x86.Build.0 = Release|Win32
	EndGlobalSection
	GlobalSection(SolutionProperties) = preSolution
		HideSolutionNode = FALSE
	EndGlobalSection
	GlobalSection(ExtensibilityGlobals) = postSolution
		SolutionGuid = {86832D18-C449-486B-A891-EEF9ED7ABECB}
	EndGlobalSection
EndGlobal
