
Microsoft Visual Studio Solution File, Format Version 12.00
# Visual Studio 15
VisualStudioVersion = 15.0.28307.421
MinimumVisualStudioVersion = 10.0.40219.1
Project("{8BC9CEB8-8B4A-11D0-8D11-00A0C91BC942}") = "cublas_matrix_mul", "cublas_matrix_mul\cublas_matrix_mul.vcxproj", "{76E8AE84-EB3B-4C34-A607-6D858D403CA4}"
EndProject
Global
	GlobalSection(SolutionConfigurationPlatforms) = preSolution
		Debug|x64 = Debug|x64
		Debug|x86 = Debug|x86
		Release|x64 = Release|x64
		Release|x86 = Release|x86
	EndGlobalSection
	GlobalSection(ProjectConfigurationPlatforms) = postSolution
		{76E8AE84-EB3B-4C34-A607-6D858D403CA4}.Debug|x64.ActiveCfg = Debug|x64
		{76E8AE84-EB3B-4C34-A607-6D858D403CA4}.Debug|x64.Build.0 = Debug|x64
		{76E8AE84-EB3B-4C34-A607-6D858D403CA4}.Debug|x86.ActiveCfg = Debug|Win32
		{76E8AE84-EB3B-4C34-A607-6D858D403CA4}.Debug|x86.Build.0 = Debug|Win32
		{76E8AE84-EB3B-4C34-A607-6D858D403CA4}.Release|x64.ActiveCfg = Release|x64
		{76E8AE84-EB3B-4C34-A607-6D858D403CA4}.Release|x64.Build.0 = Release|x64
		{76E8AE84-EB3B-4C34-A607-6D858D403CA4}.Release|x86.ActiveCfg = Release|Win32
		{76E8AE84-EB3B-4C34-A607-6D858D403CA4}.Release|x86.Build.0 = Release|Win32
	EndGlobalSection
	GlobalSection(SolutionProperties) = preSolution
		HideSolutionNode = FALSE
	EndGlobalSection
	GlobalSection(ExtensibilityGlobals) = postSolution
		SolutionGuid = {1C994DD6-26CA-4462-A703-AD29FD78788F}
	EndGlobalSection
EndGlobal
